
Microsoft Visual Studio Solution File, Format Version 12.00
# Visual Studio Version 16
VisualStudioVersion = 16.0.30907.101
MinimumVisualStudioVersion = 10.0.40219.1
Project("{2150E333-8FDC-42A3-9474-1A3956D46DE8}") = "Repository Items", "Repository Items", "{E3CC4714-D6D7-4DA0-8325-19C34DD829B2}"
	ProjectSection(SolutionItems) = preProject
		.dockerignore = .dockerignore
		.gitattributes = .gitattributes
		.gitignore = .gitignore
		README.md = README.md
	EndProjectSection
EndProject
Project("{9A19103F-16F7-4668-BE54-9A1E7A4F7556}") = "BearDen.BearBot.Service", "BearDen.BearBot.Service\BearDen.BearBot.Service.csproj", "{D8A5C7B5-5BA6-4739-8374-636E9741AF4F}"
EndProject
Project("{2150E333-8FDC-42A3-9474-1A3956D46DE8}") = "github", "github", "{AAA8D529-3B70-4521-8EBE-33D6980DB4BB}"
	ProjectSection(SolutionItems) = preProject
		.github\bear.png = .github\bear.png
		.github\dependabot.yml = .github\dependabot.yml
		.github\label.yml = .github\label.yml
	EndProjectSection
EndProject
Project("{2150E333-8FDC-42A3-9474-1A3956D46DE8}") = "workflows", "workflows", "{30AEA96B-E121-43C7-9705-E627FE7DC042}"
	ProjectSection(SolutionItems) = preProject
		.github\workflows\label.yml = .github\workflows\label.yml
		.github\workflows\primary.yml = .github\workflows\primary.yml
		.github\workflows\stale.yml = .github\workflows\stale.yml
	EndProjectSection
EndProject
Project("{2150E333-8FDC-42A3-9474-1A3956D46DE8}") = "Solution Tests", "Solution Tests", "{8E73D67B-309E-49BF-91D7-E11E32E81B9F}"
EndProject
Project("{2150E333-8FDC-42A3-9474-1A3956D46DE8}") = "Service Modules", "Service Modules", "{2343BA6D-90E5-42DA-BC2C-B1B9CE87845C}"
EndProject
Global
	GlobalSection(SolutionConfigurationPlatforms) = preSolution
		Debug|Any CPU = Debug|Any CPU
		Release|Any CPU = Release|Any CPU
	EndGlobalSection
	GlobalSection(ProjectConfigurationPlatforms) = postSolution
		{D8A5C7B5-5BA6-4739-8374-636E9741AF4F}.Debug|Any CPU.ActiveCfg = Debug|Any CPU
		{D8A5C7B5-5BA6-4739-8374-636E9741AF4F}.Debug|Any CPU.Build.0 = Debug|Any CPU
		{D8A5C7B5-5BA6-4739-8374-636E9741AF4F}.Release|Any CPU.ActiveCfg = Release|Any CPU
		{D8A5C7B5-5BA6-4739-8374-636E9741AF4F}.Release|Any CPU.Build.0 = Release|Any CPU
	EndGlobalSection
	GlobalSection(SolutionProperties) = preSolution
		HideSolutionNode = FALSE
	EndGlobalSection
	GlobalSection(NestedProjects) = preSolution
		{AAA8D529-3B70-4521-8EBE-33D6980DB4BB} = {E3CC4714-D6D7-4DA0-8325-19C34DD829B2}
		{30AEA96B-E121-43C7-9705-E627FE7DC042} = {AAA8D529-3B70-4521-8EBE-33D6980DB4BB}
	EndGlobalSection
	GlobalSection(ExtensibilityGlobals) = postSolution
		SolutionGuid = {9BA38867-35CC-4EDB-AF96-0F036A4777DB}
	EndGlobalSection
EndGlobal
